
Microsoft Visual Studio Solution File, Format Version 12.00
# Visual Studio Version 17
VisualStudioVersion = 17.6.33513.286
MinimumVisualStudioVersion = 10.0.40219.1
Project("{9A19103F-16F7-4668-BE54-9A1E7A4F7556}") = "SharedResourceLib.Lng", "SharedResourceLib.Lng\SharedResourceLib.Lng.csproj", "{A26B89D2-166F-4511-A543-8CCFE156CB42}"
EndProject
Project("{9A19103F-16F7-4668-BE54-9A1E7A4F7556}") = "PostCodeLookupApi", "MISSystemPostCodeLookup.Api\PostCodeLookupApi\PostCodeLookupApi.csproj", "{468F4C74-B12D-40C9-86E4-770E4BB72611}"
EndProject
Project("{9A19103F-16F7-4668-BE54-9A1E7A4F7556}") = "Cella.BL", "Cella.BL\Cella.BL.csproj", "{1758D604-0D81-4656-8121-558B4768E1F5}"
EndProject
Project("{9A19103F-16F7-4668-BE54-9A1E7A4F7556}") = "Cella.Models", "Cella.Models\Cella.Models.csproj", "{B0509391-00EB-4E05-B9DE-723025D70282}"
EndProject
Project("{2150E333-8FDC-42A3-9474-1A3956D46DE8}") = "Solution Items", "Solution Items", "{576A4B53-0091-471C-8F82-1E66E8AD4F9D}"
	ProjectSection(SolutionItems) = preProject
		.editorconfig = .editorconfig
		Readme.md = Readme.md
	EndProjectSection
EndProject
Project("{2150E333-8FDC-42A3-9474-1A3956D46DE8}") = "Modules", "Modules", "{3B42340C-29F1-446E-92C7-CDE4FA4510E0}"
	ProjectSection(SolutionItems) = preProject
		..\SimplCommerce-master\SimplCommerce-master\src\Modules\Directory.Build.props = ..\SimplCommerce-master\SimplCommerce-master\src\Modules\Directory.Build.props
	EndProjectSection
EndProject
Project("{2150E333-8FDC-42A3-9474-1A3956D46DE8}") = "img", "img", "{315A2D7F-BD8C-4404-9A5D-A103DF52A63F}"
	ProjectSection(SolutionItems) = preProject
		..\..\Users\David\Downloads\Cella.jpg = ..\..\Users\David\Downloads\Cella.jpg
	EndProjectSection
EndProject
Project("{9A19103F-16F7-4668-BE54-9A1E7A4F7556}") = "Cella.Test", "Cella.Tests\Cella.Test\Cella.Test.csproj", "{5420661B-573D-417A-99AA-3B49D103A125}"
EndProject
Project("{9A19103F-16F7-4668-BE54-9A1E7A4F7556}") = "Cella.Domain", "Cella.Domain\Cella.Domain.csproj", "{0E298CB4-704B-4047-B53E-4A6B81A6EB13}"
EndProject
Project("{9A19103F-16F7-4668-BE54-9A1E7A4F7556}") = "Cella.Infrastructure", "Cella.Infrastructure\Cella.Infrastructure.csproj", "{3DC7241C-F7C4-44FC-8C16-E12B8A68F7A0}"
EndProject
Project("{9A19103F-16F7-4668-BE54-9A1E7A4F7556}") = "Cella.Module.PaymentPaypal", "Modules\Cella.Module.PaymentPaypal\Cella.Module.PaymentPaypal.csproj", "{260A0851-135C-4AA9-8756-DB1D985CCC55}"
EndProject
Project("{FAE04EC0-301F-11D3-BF4B-00C04F79EFBC}") = "Cella.WebApi.AppHost", "Cella.WebApi\Cella.WebApi.AppHost\Cella.WebApi.AppHost.csproj", "{66B0D172-344B-41B1-9E57-0A2046F6DD32}"
EndProject
Project("{FAE04EC0-301F-11D3-BF4B-00C04F79EFBC}") = "Cella.WebApi.ServiceDefaults", "Cella.WebApi\Cella.WebApi.ServiceDefaults\Cella.WebApi.ServiceDefaults.csproj", "{ACF64B1C-EC2D-447B-A06F-395D22E6EE42}"
EndProject
Project("{FAE04EC0-301F-11D3-BF4B-00C04F79EFBC}") = "Cella.WebApi.ApiService", "Cella.WebApi\Cella.WebApi.ApiService\Cella.WebApi.ApiService.csproj", "{B0CC0CB5-AB1E-4CA6-8849-4FC8FB7E3050}"
EndProject
Project("{FAE04EC0-301F-11D3-BF4B-00C04F79EFBC}") = "Cella.Web.ApiService", "Cella.Web\Cella.Web.ApiService\Cella.Web.ApiService.csproj", "{7758D3C8-7184-401D-B86E-232D3155A458}"
EndProject
Project("{FAE04EC0-301F-11D3-BF4B-00C04F79EFBC}") = "Cella.Web", "Cella.Web\Cella.Web.csproj", "{03D45159-C8FF-479A-BD2B-B5D73E1989E0}"
EndProject
Project("{FAE04EC0-301F-11D3-BF4B-00C04F79EFBC}") = "Cella.Application", "Cella.Application\Cella.Application.csproj", "{7A0BF12B-779E-4BCA-9E38-F2B3BFA6B2AC}"
EndProject
Global
	GlobalSection(SolutionConfigurationPlatforms) = preSolution
		Debug|Any CPU = Debug|Any CPU
		Debug|ARM = Debug|ARM
		Debug|ARM64 = Debug|ARM64
		Debug|iPhone = Debug|iPhone
		Debug|iPhoneSimulator = Debug|iPhoneSimulator
		Debug|x64 = Debug|x64
		Debug|x86 = Debug|x86
		Release|Any CPU = Release|Any CPU
		Release|ARM = Release|ARM
		Release|ARM64 = Release|ARM64
		Release|iPhone = Release|iPhone
		Release|iPhoneSimulator = Release|iPhoneSimulator
		Release|x64 = Release|x64
		Release|x86 = Release|x86
	EndGlobalSection
	GlobalSection(ProjectConfigurationPlatforms) = postSolution
		{A26B89D2-166F-4511-A543-8CCFE156CB42}.Debug|Any CPU.ActiveCfg = Debug|Any CPU
		{A26B89D2-166F-4511-A543-8CCFE156CB42}.Debug|Any CPU.Build.0 = Debug|Any CPU
		{A26B89D2-166F-4511-A543-8CCFE156CB42}.Debug|ARM.ActiveCfg = Debug|Any CPU
		{A26B89D2-166F-4511-A543-8CCFE156CB42}.Debug|ARM.Build.0 = Debug|Any CPU
		{A26B89D2-166F-4511-A543-8CCFE156CB42}.Debug|ARM64.ActiveCfg = Debug|Any CPU
		{A26B89D2-166F-4511-A543-8CCFE156CB42}.Debug|ARM64.Build.0 = Debug|Any CPU
		{A26B89D2-166F-4511-A543-8CCFE156CB42}.Debug|iPhone.ActiveCfg = Debug|Any CPU
		{A26B89D2-166F-4511-A543-8CCFE156CB42}.Debug|iPhone.Build.0 = Debug|Any CPU
		{A26B89D2-166F-4511-A543-8CCFE156CB42}.Debug|iPhoneSimulator.ActiveCfg = Debug|Any CPU
		{A26B89D2-166F-4511-A543-8CCFE156CB42}.Debug|iPhoneSimulator.Build.0 = Debug|Any CPU
		{A26B89D2-166F-4511-A543-8CCFE156CB42}.Debug|x64.ActiveCfg = Debug|Any CPU
		{A26B89D2-166F-4511-A543-8CCFE156CB42}.Debug|x64.Build.0 = Debug|Any CPU
		{A26B89D2-166F-4511-A543-8CCFE156CB42}.Debug|x86.ActiveCfg = Debug|Any CPU
		{A26B89D2-166F-4511-A543-8CCFE156CB42}.Debug|x86.Build.0 = Debug|Any CPU
		{A26B89D2-166F-4511-A543-8CCFE156CB42}.Release|Any CPU.ActiveCfg = Release|Any CPU
		{A26B89D2-166F-4511-A543-8CCFE156CB42}.Release|Any CPU.Build.0 = Release|Any CPU
		{A26B89D2-166F-4511-A543-8CCFE156CB42}.Release|ARM.ActiveCfg = Release|Any CPU
		{A26B89D2-166F-4511-A543-8CCFE156CB42}.Release|ARM.Build.0 = Release|Any CPU
		{A26B89D2-166F-4511-A543-8CCFE156CB42}.Release|ARM64.ActiveCfg = Release|Any CPU
		{A26B89D2-166F-4511-A543-8CCFE156CB42}.Release|ARM64.Build.0 = Release|Any CPU
		{A26B89D2-166F-4511-A543-8CCFE156CB42}.Release|iPhone.ActiveCfg = Release|Any CPU
		{A26B89D2-166F-4511-A543-8CCFE156CB42}.Release|iPhone.Build.0 = Release|Any CPU
		{A26B89D2-166F-4511-A543-8CCFE156CB42}.Release|iPhoneSimulator.ActiveCfg = Release|Any CPU
		{A26B89D2-166F-4511-A543-8CCFE156CB42}.Release|iPhoneSimulator.Build.0 = Release|Any CPU
		{A26B89D2-166F-4511-A543-8CCFE156CB42}.Release|x64.ActiveCfg = Release|Any CPU
		{A26B89D2-166F-4511-A543-8CCFE156CB42}.Release|x64.Build.0 = Release|Any CPU
		{A26B89D2-166F-4511-A543-8CCFE156CB42}.Release|x86.ActiveCfg = Release|Any CPU
		{A26B89D2-166F-4511-A543-8CCFE156CB42}.Release|x86.Build.0 = Release|Any CPU
		{468F4C74-B12D-40C9-86E4-770E4BB72611}.Debug|Any CPU.ActiveCfg = Debug|Any CPU
		{468F4C74-B12D-40C9-86E4-770E4BB72611}.Debug|Any CPU.Build.0 = Debug|Any CPU
		{468F4C74-B12D-40C9-86E4-770E4BB72611}.Debug|ARM.ActiveCfg = Debug|Any CPU
		{468F4C74-B12D-40C9-86E4-770E4BB72611}.Debug|ARM.Build.0 = Debug|Any CPU
		{468F4C74-B12D-40C9-86E4-770E4BB72611}.Debug|ARM64.ActiveCfg = Debug|Any CPU
		{468F4C74-B12D-40C9-86E4-770E4BB72611}.Debug|ARM64.Build.0 = Debug|Any CPU
		{468F4C74-B12D-40C9-86E4-770E4BB72611}.Debug|iPhone.ActiveCfg = Debug|Any CPU
		{468F4C74-B12D-40C9-86E4-770E4BB72611}.Debug|iPhone.Build.0 = Debug|Any CPU
		{468F4C74-B12D-40C9-86E4-770E4BB72611}.Debug|iPhoneSimulator.ActiveCfg = Debug|Any CPU
		{468F4C74-B12D-40C9-86E4-770E4BB72611}.Debug|iPhoneSimulator.Build.0 = Debug|Any CPU
		{468F4C74-B12D-40C9-86E4-770E4BB72611}.Debug|x64.ActiveCfg = Debug|Any CPU
		{468F4C74-B12D-40C9-86E4-770E4BB72611}.Debug|x64.Build.0 = Debug|Any CPU
		{468F4C74-B12D-40C9-86E4-770E4BB72611}.Debug|x86.ActiveCfg = Debug|Any CPU
		{468F4C74-B12D-40C9-86E4-770E4BB72611}.Debug|x86.Build.0 = Debug|Any CPU
		{468F4C74-B12D-40C9-86E4-770E4BB72611}.Release|Any CPU.ActiveCfg = Release|Any CPU
		{468F4C74-B12D-40C9-86E4-770E4BB72611}.Release|Any CPU.Build.0 = Release|Any CPU
		{468F4C74-B12D-40C9-86E4-770E4BB72611}.Release|ARM.ActiveCfg = Release|Any CPU
		{468F4C74-B12D-40C9-86E4-770E4BB72611}.Release|ARM.Build.0 = Release|Any CPU
		{468F4C74-B12D-40C9-86E4-770E4BB72611}.Release|ARM64.ActiveCfg = Release|Any CPU
		{468F4C74-B12D-40C9-86E4-770E4BB72611}.Release|ARM64.Build.0 = Release|Any CPU
		{468F4C74-B12D-40C9-86E4-770E4BB72611}.Release|iPhone.ActiveCfg = Release|Any CPU
		{468F4C74-B12D-40C9-86E4-770E4BB72611}.Release|iPhone.Build.0 = Release|Any CPU
		{468F4C74-B12D-40C9-86E4-770E4BB72611}.Release|iPhoneSimulator.ActiveCfg = Release|Any CPU
		{468F4C74-B12D-40C9-86E4-770E4BB72611}.Release|iPhoneSimulator.Build.0 = Release|Any CPU
		{468F4C74-B12D-40C9-86E4-770E4BB72611}.Release|x64.ActiveCfg = Release|Any CPU
		{468F4C74-B12D-40C9-86E4-770E4BB72611}.Release|x64.Build.0 = Release|Any CPU
		{468F4C74-B12D-40C9-86E4-770E4BB72611}.Release|x86.ActiveCfg = Release|Any CPU
		{468F4C74-B12D-40C9-86E4-770E4BB72611}.Release|x86.Build.0 = Release|Any CPU
		{1758D604-0D81-4656-8121-558B4768E1F5}.Debug|Any CPU.ActiveCfg = Debug|Any CPU
		{1758D604-0D81-4656-8121-558B4768E1F5}.Debug|Any CPU.Build.0 = Debug|Any CPU
		{1758D604-0D81-4656-8121-558B4768E1F5}.Debug|ARM.ActiveCfg = Debug|Any CPU
		{1758D604-0D81-4656-8121-558B4768E1F5}.Debug|ARM.Build.0 = Debug|Any CPU
		{1758D604-0D81-4656-8121-558B4768E1F5}.Debug|ARM64.ActiveCfg = Debug|Any CPU
		{1758D604-0D81-4656-8121-558B4768E1F5}.Debug|ARM64.Build.0 = Debug|Any CPU
		{1758D604-0D81-4656-8121-558B4768E1F5}.Debug|iPhone.ActiveCfg = Debug|Any CPU
		{1758D604-0D81-4656-8121-558B4768E1F5}.Debug|iPhone.Build.0 = Debug|Any CPU
		{1758D604-0D81-4656-8121-558B4768E1F5}.Debug|iPhoneSimulator.ActiveCfg = Debug|Any CPU
		{1758D604-0D81-4656-8121-558B4768E1F5}.Debug|iPhoneSimulator.Build.0 = Debug|Any CPU
		{1758D604-0D81-4656-8121-558B4768E1F5}.Debug|x64.ActiveCfg = Debug|Any CPU
		{1758D604-0D81-4656-8121-558B4768E1F5}.Debug|x64.Build.0 = Debug|Any CPU
		{1758D604-0D81-4656-8121-558B4768E1F5}.Debug|x86.ActiveCfg = Debug|Any CPU
		{1758D604-0D81-4656-8121-558B4768E1F5}.Debug|x86.Build.0 = Debug|Any CPU
		{1758D604-0D81-4656-8121-558B4768E1F5}.Release|Any CPU.ActiveCfg = Release|Any CPU
		{1758D604-0D81-4656-8121-558B4768E1F5}.Release|Any CPU.Build.0 = Release|Any CPU
		{1758D604-0D81-4656-8121-558B4768E1F5}.Release|ARM.ActiveCfg = Release|Any CPU
		{1758D604-0D81-4656-8121-558B4768E1F5}.Release|ARM.Build.0 = Release|Any CPU
		{1758D604-0D81-4656-8121-558B4768E1F5}.Release|ARM64.ActiveCfg = Release|Any CPU
		{1758D604-0D81-4656-8121-558B4768E1F5}.Release|ARM64.Build.0 = Release|Any CPU
		{1758D604-0D81-4656-8121-558B4768E1F5}.Release|iPhone.ActiveCfg = Release|Any CPU
		{1758D604-0D81-4656-8121-558B4768E1F5}.Release|iPhone.Build.0 = Release|Any CPU
		{1758D604-0D81-4656-8121-558B4768E1F5}.Release|iPhoneSimulator.ActiveCfg = Release|Any CPU
		{1758D604-0D81-4656-8121-558B4768E1F5}.Release|iPhoneSimulator.Build.0 = Release|Any CPU
		{1758D604-0D81-4656-8121-558B4768E1F5}.Release|x64.ActiveCfg = Release|Any CPU
		{1758D604-0D81-4656-8121-558B4768E1F5}.Release|x64.Build.0 = Release|Any CPU
		{1758D604-0D81-4656-8121-558B4768E1F5}.Release|x86.ActiveCfg = Release|Any CPU
		{1758D604-0D81-4656-8121-558B4768E1F5}.Release|x86.Build.0 = Release|Any CPU
		{B0509391-00EB-4E05-B9DE-723025D70282}.Debug|Any CPU.ActiveCfg = Debug|Any CPU
		{B0509391-00EB-4E05-B9DE-723025D70282}.Debug|Any CPU.Build.0 = Debug|Any CPU
		{B0509391-00EB-4E05-B9DE-723025D70282}.Debug|ARM.ActiveCfg = Debug|Any CPU
		{B0509391-00EB-4E05-B9DE-723025D70282}.Debug|ARM.Build.0 = Debug|Any CPU
		{B0509391-00EB-4E05-B9DE-723025D70282}.Debug|ARM64.ActiveCfg = Debug|Any CPU
		{B0509391-00EB-4E05-B9DE-723025D70282}.Debug|ARM64.Build.0 = Debug|Any CPU
		{B0509391-00EB-4E05-B9DE-723025D70282}.Debug|iPhone.ActiveCfg = Debug|Any CPU
		{B0509391-00EB-4E05-B9DE-723025D70282}.Debug|iPhone.Build.0 = Debug|Any CPU
		{B0509391-00EB-4E05-B9DE-723025D70282}.Debug|iPhoneSimulator.ActiveCfg = Debug|Any CPU
		{B0509391-00EB-4E05-B9DE-723025D70282}.Debug|iPhoneSimulator.Build.0 = Debug|Any CPU
		{B0509391-00EB-4E05-B9DE-723025D70282}.Debug|x64.ActiveCfg = Debug|Any CPU
		{B0509391-00EB-4E05-B9DE-723025D70282}.Debug|x64.Build.0 = Debug|Any CPU
		{B0509391-00EB-4E05-B9DE-723025D70282}.Debug|x86.ActiveCfg = Debug|Any CPU
		{B0509391-00EB-4E05-B9DE-723025D70282}.Debug|x86.Build.0 = Debug|Any CPU
		{B0509391-00EB-4E05-B9DE-723025D70282}.Release|Any CPU.ActiveCfg = Release|Any CPU
		{B0509391-00EB-4E05-B9DE-723025D70282}.Release|Any CPU.Build.0 = Release|Any CPU
		{B0509391-00EB-4E05-B9DE-723025D70282}.Release|ARM.ActiveCfg = Release|Any CPU
		{B0509391-00EB-4E05-B9DE-723025D70282}.Release|ARM.Build.0 = Release|Any CPU
		{B0509391-00EB-4E05-B9DE-723025D70282}.Release|ARM64.ActiveCfg = Release|Any CPU
		{B0509391-00EB-4E05-B9DE-723025D70282}.Release|ARM64.Build.0 = Release|Any CPU
		{B0509391-00EB-4E05-B9DE-723025D70282}.Release|iPhone.ActiveCfg = Release|Any CPU
		{B0509391-00EB-4E05-B9DE-723025D70282}.Release|iPhone.Build.0 = Release|Any CPU
		{B0509391-00EB-4E05-B9DE-723025D70282}.Release|iPhoneSimulator.ActiveCfg = Release|Any CPU
		{B0509391-00EB-4E05-B9DE-723025D70282}.Release|iPhoneSimulator.Build.0 = Release|Any CPU
		{B0509391-00EB-4E05-B9DE-723025D70282}.Release|x64.ActiveCfg = Release|Any CPU
		{B0509391-00EB-4E05-B9DE-723025D70282}.Release|x64.Build.0 = Release|Any CPU
		{B0509391-00EB-4E05-B9DE-723025D70282}.Release|x86.ActiveCfg = Release|Any CPU
		{B0509391-00EB-4E05-B9DE-723025D70282}.Release|x86.Build.0 = Release|Any CPU
		{5420661B-573D-417A-99AA-3B49D103A125}.Debug|Any CPU.ActiveCfg = Debug|Any CPU
		{5420661B-573D-417A-99AA-3B49D103A125}.Debug|Any CPU.Build.0 = Debug|Any CPU
		{5420661B-573D-417A-99AA-3B49D103A125}.Debug|ARM.ActiveCfg = Debug|Any CPU
		{5420661B-573D-417A-99AA-3B49D103A125}.Debug|ARM.Build.0 = Debug|Any CPU
		{5420661B-573D-417A-99AA-3B49D103A125}.Debug|ARM64.ActiveCfg = Debug|Any CPU
		{5420661B-573D-417A-99AA-3B49D103A125}.Debug|ARM64.Build.0 = Debug|Any CPU
		{5420661B-573D-417A-99AA-3B49D103A125}.Debug|iPhone.ActiveCfg = Debug|Any CPU
		{5420661B-573D-417A-99AA-3B49D103A125}.Debug|iPhone.Build.0 = Debug|Any CPU
		{5420661B-573D-417A-99AA-3B49D103A125}.Debug|iPhoneSimulator.ActiveCfg = Debug|Any CPU
		{5420661B-573D-417A-99AA-3B49D103A125}.Debug|iPhoneSimulator.Build.0 = Debug|Any CPU
		{5420661B-573D-417A-99AA-3B49D103A125}.Debug|x64.ActiveCfg = Debug|Any CPU
		{5420661B-573D-417A-99AA-3B49D103A125}.Debug|x64.Build.0 = Debug|Any CPU
		{5420661B-573D-417A-99AA-3B49D103A125}.Debug|x86.ActiveCfg = Debug|Any CPU
		{5420661B-573D-417A-99AA-3B49D103A125}.Debug|x86.Build.0 = Debug|Any CPU
		{5420661B-573D-417A-99AA-3B49D103A125}.Release|Any CPU.ActiveCfg = Release|Any CPU
		{5420661B-573D-417A-99AA-3B49D103A125}.Release|Any CPU.Build.0 = Release|Any CPU
		{5420661B-573D-417A-99AA-3B49D103A125}.Release|ARM.ActiveCfg = Release|Any CPU
		{5420661B-573D-417A-99AA-3B49D103A125}.Release|ARM.Build.0 = Release|Any CPU
		{5420661B-573D-417A-99AA-3B49D103A125}.Release|ARM64.ActiveCfg = Release|Any CPU
		{5420661B-573D-417A-99AA-3B49D103A125}.Release|ARM64.Build.0 = Release|Any CPU
		{5420661B-573D-417A-99AA-3B49D103A125}.Release|iPhone.ActiveCfg = Release|Any CPU
		{5420661B-573D-417A-99AA-3B49D103A125}.Release|iPhone.Build.0 = Release|Any CPU
		{5420661B-573D-417A-99AA-3B49D103A125}.Release|iPhoneSimulator.ActiveCfg = Release|Any CPU
		{5420661B-573D-417A-99AA-3B49D103A125}.Release|iPhoneSimulator.Build.0 = Release|Any CPU
		{5420661B-573D-417A-99AA-3B49D103A125}.Release|x64.ActiveCfg = Release|Any CPU
		{5420661B-573D-417A-99AA-3B49D103A125}.Release|x64.Build.0 = Release|Any CPU
		{5420661B-573D-417A-99AA-3B49D103A125}.Release|x86.ActiveCfg = Release|Any CPU
		{5420661B-573D-417A-99AA-3B49D103A125}.Release|x86.Build.0 = Release|Any CPU
		{0E298CB4-704B-4047-B53E-4A6B81A6EB13}.Debug|Any CPU.ActiveCfg = Debug|Any CPU
		{0E298CB4-704B-4047-B53E-4A6B81A6EB13}.Debug|Any CPU.Build.0 = Debug|Any CPU
		{0E298CB4-704B-4047-B53E-4A6B81A6EB13}.Debug|ARM.ActiveCfg = Debug|Any CPU
		{0E298CB4-704B-4047-B53E-4A6B81A6EB13}.Debug|ARM.Build.0 = Debug|Any CPU
		{0E298CB4-704B-4047-B53E-4A6B81A6EB13}.Debug|ARM64.ActiveCfg = Debug|Any CPU
		{0E298CB4-704B-4047-B53E-4A6B81A6EB13}.Debug|ARM64.Build.0 = Debug|Any CPU
		{0E298CB4-704B-4047-B53E-4A6B81A6EB13}.Debug|iPhone.ActiveCfg = Debug|Any CPU
		{0E298CB4-704B-4047-B53E-4A6B81A6EB13}.Debug|iPhone.Build.0 = Debug|Any CPU
		{0E298CB4-704B-4047-B53E-4A6B81A6EB13}.Debug|iPhoneSimulator.ActiveCfg = Debug|Any CPU
		{0E298CB4-704B-4047-B53E-4A6B81A6EB13}.Debug|iPhoneSimulator.Build.0 = Debug|Any CPU
		{0E298CB4-704B-4047-B53E-4A6B81A6EB13}.Debug|x64.ActiveCfg = Debug|Any CPU
		{0E298CB4-704B-4047-B53E-4A6B81A6EB13}.Debug|x64.Build.0 = Debug|Any CPU
		{0E298CB4-704B-4047-B53E-4A6B81A6EB13}.Debug|x86.ActiveCfg = Debug|Any CPU
		{0E298CB4-704B-4047-B53E-4A6B81A6EB13}.Debug|x86.Build.0 = Debug|Any CPU
		{0E298CB4-704B-4047-B53E-4A6B81A6EB13}.Release|Any CPU.ActiveCfg = Release|Any CPU
		{0E298CB4-704B-4047-B53E-4A6B81A6EB13}.Release|Any CPU.Build.0 = Release|Any CPU
		{0E298CB4-704B-4047-B53E-4A6B81A6EB13}.Release|ARM.ActiveCfg = Release|Any CPU
		{0E298CB4-704B-4047-B53E-4A6B81A6EB13}.Release|ARM.Build.0 = Release|Any CPU
		{0E298CB4-704B-4047-B53E-4A6B81A6EB13}.Release|ARM64.ActiveCfg = Release|Any CPU
		{0E298CB4-704B-4047-B53E-4A6B81A6EB13}.Release|ARM64.Build.0 = Release|Any CPU
		{0E298CB4-704B-4047-B53E-4A6B81A6EB13}.Release|iPhone.ActiveCfg = Release|Any CPU
		{0E298CB4-704B-4047-B53E-4A6B81A6EB13}.Release|iPhone.Build.0 = Release|Any CPU
		{0E298CB4-704B-4047-B53E-4A6B81A6EB13}.Release|iPhoneSimulator.ActiveCfg = Release|Any CPU
		{0E298CB4-704B-4047-B53E-4A6B81A6EB13}.Release|iPhoneSimulator.Build.0 = Release|Any CPU
		{0E298CB4-704B-4047-B53E-4A6B81A6EB13}.Release|x64.ActiveCfg = Release|Any CPU
		{0E298CB4-704B-4047-B53E-4A6B81A6EB13}.Release|x64.Build.0 = Release|Any CPU
		{0E298CB4-704B-4047-B53E-4A6B81A6EB13}.Release|x86.ActiveCfg = Release|Any CPU
		{0E298CB4-704B-4047-B53E-4A6B81A6EB13}.Release|x86.Build.0 = Release|Any CPU
		{3DC7241C-F7C4-44FC-8C16-E12B8A68F7A0}.Debug|Any CPU.ActiveCfg = Debug|Any CPU
		{3DC7241C-F7C4-44FC-8C16-E12B8A68F7A0}.Debug|Any CPU.Build.0 = Debug|Any CPU
		{3DC7241C-F7C4-44FC-8C16-E12B8A68F7A0}.Debug|ARM.ActiveCfg = Debug|Any CPU
		{3DC7241C-F7C4-44FC-8C16-E12B8A68F7A0}.Debug|ARM.Build.0 = Debug|Any CPU
		{3DC7241C-F7C4-44FC-8C16-E12B8A68F7A0}.Debug|ARM64.ActiveCfg = Debug|Any CPU
		{3DC7241C-F7C4-44FC-8C16-E12B8A68F7A0}.Debug|ARM64.Build.0 = Debug|Any CPU
		{3DC7241C-F7C4-44FC-8C16-E12B8A68F7A0}.Debug|iPhone.ActiveCfg = Debug|Any CPU
		{3DC7241C-F7C4-44FC-8C16-E12B8A68F7A0}.Debug|iPhone.Build.0 = Debug|Any CPU
		{3DC7241C-F7C4-44FC-8C16-E12B8A68F7A0}.Debug|iPhoneSimulator.ActiveCfg = Debug|Any CPU
		{3DC7241C-F7C4-44FC-8C16-E12B8A68F7A0}.Debug|iPhoneSimulator.Build.0 = Debug|Any CPU
		{3DC7241C-F7C4-44FC-8C16-E12B8A68F7A0}.Debug|x64.ActiveCfg = Debug|Any CPU
		{3DC7241C-F7C4-44FC-8C16-E12B8A68F7A0}.Debug|x64.Build.0 = Debug|Any CPU
		{3DC7241C-F7C4-44FC-8C16-E12B8A68F7A0}.Debug|x86.ActiveCfg = Debug|Any CPU
		{3DC7241C-F7C4-44FC-8C16-E12B8A68F7A0}.Debug|x86.Build.0 = Debug|Any CPU
		{3DC7241C-F7C4-44FC-8C16-E12B8A68F7A0}.Release|Any CPU.ActiveCfg = Release|Any CPU
		{3DC7241C-F7C4-44FC-8C16-E12B8A68F7A0}.Release|Any CPU.Build.0 = Release|Any CPU
		{3DC7241C-F7C4-44FC-8C16-E12B8A68F7A0}.Release|ARM.ActiveCfg = Release|Any CPU
		{3DC7241C-F7C4-44FC-8C16-E12B8A68F7A0}.Release|ARM.Build.0 = Release|Any CPU
		{3DC7241C-F7C4-44FC-8C16-E12B8A68F7A0}.Release|ARM64.ActiveCfg = Release|Any CPU
		{3DC7241C-F7C4-44FC-8C16-E12B8A68F7A0}.Release|ARM64.Build.0 = Release|Any CPU
		{3DC7241C-F7C4-44FC-8C16-E12B8A68F7A0}.Release|iPhone.ActiveCfg = Release|Any CPU
		{3DC7241C-F7C4-44FC-8C16-E12B8A68F7A0}.Release|iPhone.Build.0 = Release|Any CPU
		{3DC7241C-F7C4-44FC-8C16-E12B8A68F7A0}.Release|iPhoneSimulator.ActiveCfg = Release|Any CPU
		{3DC7241C-F7C4-44FC-8C16-E12B8A68F7A0}.Release|iPhoneSimulator.Build.0 = Release|Any CPU
		{3DC7241C-F7C4-44FC-8C16-E12B8A68F7A0}.Release|x64.ActiveCfg = Release|Any CPU
		{3DC7241C-F7C4-44FC-8C16-E12B8A68F7A0}.Release|x64.Build.0 = Release|Any CPU
		{3DC7241C-F7C4-44FC-8C16-E12B8A68F7A0}.Release|x86.ActiveCfg = Release|Any CPU
		{3DC7241C-F7C4-44FC-8C16-E12B8A68F7A0}.Release|x86.Build.0 = Release|Any CPU
		{260A0851-135C-4AA9-8756-DB1D985CCC55}.Debug|Any CPU.ActiveCfg = Debug|Any CPU
		{260A0851-135C-4AA9-8756-DB1D985CCC55}.Debug|Any CPU.Build.0 = Debug|Any CPU
		{260A0851-135C-4AA9-8756-DB1D985CCC55}.Debug|ARM.ActiveCfg = Debug|Any CPU
		{260A0851-135C-4AA9-8756-DB1D985CCC55}.Debug|ARM.Build.0 = Debug|Any CPU
		{260A0851-135C-4AA9-8756-DB1D985CCC55}.Debug|ARM64.ActiveCfg = Debug|Any CPU
		{260A0851-135C-4AA9-8756-DB1D985CCC55}.Debug|ARM64.Build.0 = Debug|Any CPU
		{260A0851-135C-4AA9-8756-DB1D985CCC55}.Debug|iPhone.ActiveCfg = Debug|Any CPU
		{260A0851-135C-4AA9-8756-DB1D985CCC55}.Debug|iPhone.Build.0 = Debug|Any CPU
		{260A0851-135C-4AA9-8756-DB1D985CCC55}.Debug|iPhoneSimulator.ActiveCfg = Debug|Any CPU
		{260A0851-135C-4AA9-8756-DB1D985CCC55}.Debug|iPhoneSimulator.Build.0 = Debug|Any CPU
		{260A0851-135C-4AA9-8756-DB1D985CCC55}.Debug|x64.ActiveCfg = Debug|Any CPU
		{260A0851-135C-4AA9-8756-DB1D985CCC55}.Debug|x64.Build.0 = Debug|Any CPU
		{260A0851-135C-4AA9-8756-DB1D985CCC55}.Debug|x86.ActiveCfg = Debug|Any CPU
		{260A0851-135C-4AA9-8756-DB1D985CCC55}.Debug|x86.Build.0 = Debug|Any CPU
		{260A0851-135C-4AA9-8756-DB1D985CCC55}.Release|Any CPU.ActiveCfg = Release|Any CPU
		{260A0851-135C-4AA9-8756-DB1D985CCC55}.Release|Any CPU.Build.0 = Release|Any CPU
		{260A0851-135C-4AA9-8756-DB1D985CCC55}.Release|ARM.ActiveCfg = Release|Any CPU
		{260A0851-135C-4AA9-8756-DB1D985CCC55}.Release|ARM.Build.0 = Release|Any CPU
		{260A0851-135C-4AA9-8756-DB1D985CCC55}.Release|ARM64.ActiveCfg = Release|Any CPU
		{260A0851-135C-4AA9-8756-DB1D985CCC55}.Release|ARM64.Build.0 = Release|Any CPU
		{260A0851-135C-4AA9-8756-DB1D985CCC55}.Release|iPhone.ActiveCfg = Release|Any CPU
		{260A0851-135C-4AA9-8756-DB1D985CCC55}.Release|iPhone.Build.0 = Release|Any CPU
		{260A0851-135C-4AA9-8756-DB1D985CCC55}.Release|iPhoneSimulator.ActiveCfg = Release|Any CPU
		{260A0851-135C-4AA9-8756-DB1D985CCC55}.Release|iPhoneSimulator.Build.0 = Release|Any CPU
		{260A0851-135C-4AA9-8756-DB1D985CCC55}.Release|x64.ActiveCfg = Release|Any CPU
		{260A0851-135C-4AA9-8756-DB1D985CCC55}.Release|x64.Build.0 = Release|Any CPU
		{260A0851-135C-4AA9-8756-DB1D985CCC55}.Release|x86.ActiveCfg = Release|Any CPU
		{260A0851-135C-4AA9-8756-DB1D985CCC55}.Release|x86.Build.0 = Release|Any CPU
		{66B0D172-344B-41B1-9E57-0A2046F6DD32}.Debug|Any CPU.ActiveCfg = Debug|Any CPU
		{66B0D172-344B-41B1-9E57-0A2046F6DD32}.Debug|Any CPU.Build.0 = Debug|Any CPU
		{66B0D172-344B-41B1-9E57-0A2046F6DD32}.Debug|ARM.ActiveCfg = Debug|Any CPU
		{66B0D172-344B-41B1-9E57-0A2046F6DD32}.Debug|ARM.Build.0 = Debug|Any CPU
		{66B0D172-344B-41B1-9E57-0A2046F6DD32}.Debug|ARM64.ActiveCfg = Debug|Any CPU
		{66B0D172-344B-41B1-9E57-0A2046F6DD32}.Debug|ARM64.Build.0 = Debug|Any CPU
		{66B0D172-344B-41B1-9E57-0A2046F6DD32}.Debug|iPhone.ActiveCfg = Debug|Any CPU
		{66B0D172-344B-41B1-9E57-0A2046F6DD32}.Debug|iPhone.Build.0 = Debug|Any CPU
		{66B0D172-344B-41B1-9E57-0A2046F6DD32}.Debug|iPhoneSimulator.ActiveCfg = Debug|Any CPU
		{66B0D172-344B-41B1-9E57-0A2046F6DD32}.Debug|iPhoneSimulator.Build.0 = Debug|Any CPU
		{66B0D172-344B-41B1-9E57-0A2046F6DD32}.Debug|x64.ActiveCfg = Debug|Any CPU
		{66B0D172-344B-41B1-9E57-0A2046F6DD32}.Debug|x64.Build.0 = Debug|Any CPU
		{66B0D172-344B-41B1-9E57-0A2046F6DD32}.Debug|x86.ActiveCfg = Debug|Any CPU
		{66B0D172-344B-41B1-9E57-0A2046F6DD32}.Debug|x86.Build.0 = Debug|Any CPU
		{66B0D172-344B-41B1-9E57-0A2046F6DD32}.Release|Any CPU.ActiveCfg = Release|Any CPU
		{66B0D172-344B-41B1-9E57-0A2046F6DD32}.Release|Any CPU.Build.0 = Release|Any CPU
		{66B0D172-344B-41B1-9E57-0A2046F6DD32}.Release|ARM.ActiveCfg = Release|Any CPU
		{66B0D172-344B-41B1-9E57-0A2046F6DD32}.Release|ARM.Build.0 = Release|Any CPU
		{66B0D172-344B-41B1-9E57-0A2046F6DD32}.Release|ARM64.ActiveCfg = Release|Any CPU
		{66B0D172-344B-41B1-9E57-0A2046F6DD32}.Release|ARM64.Build.0 = Release|Any CPU
		{66B0D172-344B-41B1-9E57-0A2046F6DD32}.Release|iPhone.ActiveCfg = Release|Any CPU
		{66B0D172-344B-41B1-9E57-0A2046F6DD32}.Release|iPhone.Build.0 = Release|Any CPU
		{66B0D172-344B-41B1-9E57-0A2046F6DD32}.Release|iPhoneSimulator.ActiveCfg = Release|Any CPU
		{66B0D172-344B-41B1-9E57-0A2046F6DD32}.Release|iPhoneSimulator.Build.0 = Release|Any CPU
		{66B0D172-344B-41B1-9E57-0A2046F6DD32}.Release|x64.ActiveCfg = Release|Any CPU
		{66B0D172-344B-41B1-9E57-0A2046F6DD32}.Release|x64.Build.0 = Release|Any CPU
		{66B0D172-344B-41B1-9E57-0A2046F6DD32}.Release|x86.ActiveCfg = Release|Any CPU
		{66B0D172-344B-41B1-9E57-0A2046F6DD32}.Release|x86.Build.0 = Release|Any CPU
		{ACF64B1C-EC2D-447B-A06F-395D22E6EE42}.Debug|Any CPU.ActiveCfg = Debug|Any CPU
		{ACF64B1C-EC2D-447B-A06F-395D22E6EE42}.Debug|Any CPU.Build.0 = Debug|Any CPU
		{ACF64B1C-EC2D-447B-A06F-395D22E6EE42}.Debug|ARM.ActiveCfg = Debug|Any CPU
		{ACF64B1C-EC2D-447B-A06F-395D22E6EE42}.Debug|ARM.Build.0 = Debug|Any CPU
		{ACF64B1C-EC2D-447B-A06F-395D22E6EE42}.Debug|ARM64.ActiveCfg = Debug|Any CPU
		{ACF64B1C-EC2D-447B-A06F-395D22E6EE42}.Debug|ARM64.Build.0 = Debug|Any CPU
		{ACF64B1C-EC2D-447B-A06F-395D22E6EE42}.Debug|iPhone.ActiveCfg = Debug|Any CPU
		{ACF64B1C-EC2D-447B-A06F-395D22E6EE42}.Debug|iPhone.Build.0 = Debug|Any CPU
		{ACF64B1C-EC2D-447B-A06F-395D22E6EE42}.Debug|iPhoneSimulator.ActiveCfg = Debug|Any CPU
		{ACF64B1C-EC2D-447B-A06F-395D22E6EE42}.Debug|iPhoneSimulator.Build.0 = Debug|Any CPU
		{ACF64B1C-EC2D-447B-A06F-395D22E6EE42}.Debug|x64.ActiveCfg = Debug|Any CPU
		{ACF64B1C-EC2D-447B-A06F-395D22E6EE42}.Debug|x64.Build.0 = Debug|Any CPU
		{ACF64B1C-EC2D-447B-A06F-395D22E6EE42}.Debug|x86.ActiveCfg = Debug|Any CPU
		{ACF64B1C-EC2D-447B-A06F-395D22E6EE42}.Debug|x86.Build.0 = Debug|Any CPU
		{ACF64B1C-EC2D-447B-A06F-395D22E6EE42}.Release|Any CPU.ActiveCfg = Release|Any CPU
		{ACF64B1C-EC2D-447B-A06F-395D22E6EE42}.Release|Any CPU.Build.0 = Release|Any CPU
		{ACF64B1C-EC2D-447B-A06F-395D22E6EE42}.Release|ARM.ActiveCfg = Release|Any CPU
		{ACF64B1C-EC2D-447B-A06F-395D22E6EE42}.Release|ARM.Build.0 = Release|Any CPU
		{ACF64B1C-EC2D-447B-A06F-395D22E6EE42}.Release|ARM64.ActiveCfg = Release|Any CPU
		{ACF64B1C-EC2D-447B-A06F-395D22E6EE42}.Release|ARM64.Build.0 = Release|Any CPU
		{ACF64B1C-EC2D-447B-A06F-395D22E6EE42}.Release|iPhone.ActiveCfg = Release|Any CPU
		{ACF64B1C-EC2D-447B-A06F-395D22E6EE42}.Release|iPhone.Build.0 = Release|Any CPU
		{ACF64B1C-EC2D-447B-A06F-395D22E6EE42}.Release|iPhoneSimulator.ActiveCfg = Release|Any CPU
		{ACF64B1C-EC2D-447B-A06F-395D22E6EE42}.Release|iPhoneSimulator.Build.0 = Release|Any CPU
		{ACF64B1C-EC2D-447B-A06F-395D22E6EE42}.Release|x64.ActiveCfg = Release|Any CPU
		{ACF64B1C-EC2D-447B-A06F-395D22E6EE42}.Release|x64.Build.0 = Release|Any CPU
		{ACF64B1C-EC2D-447B-A06F-395D22E6EE42}.Release|x86.ActiveCfg = Release|Any CPU
		{ACF64B1C-EC2D-447B-A06F-395D22E6EE42}.Release|x86.Build.0 = Release|Any CPU
		{B0CC0CB5-AB1E-4CA6-8849-4FC8FB7E3050}.Debug|Any CPU.ActiveCfg = Debug|Any CPU
		{B0CC0CB5-AB1E-4CA6-8849-4FC8FB7E3050}.Debug|Any CPU.Build.0 = Debug|Any CPU
		{B0CC0CB5-AB1E-4CA6-8849-4FC8FB7E3050}.Debug|ARM.ActiveCfg = Debug|Any CPU
		{B0CC0CB5-AB1E-4CA6-8849-4FC8FB7E3050}.Debug|ARM.Build.0 = Debug|Any CPU
		{B0CC0CB5-AB1E-4CA6-8849-4FC8FB7E3050}.Debug|ARM64.ActiveCfg = Debug|Any CPU
		{B0CC0CB5-AB1E-4CA6-8849-4FC8FB7E3050}.Debug|ARM64.Build.0 = Debug|Any CPU
		{B0CC0CB5-AB1E-4CA6-8849-4FC8FB7E3050}.Debug|iPhone.ActiveCfg = Debug|Any CPU
		{B0CC0CB5-AB1E-4CA6-8849-4FC8FB7E3050}.Debug|iPhone.Build.0 = Debug|Any CPU
		{B0CC0CB5-AB1E-4CA6-8849-4FC8FB7E3050}.Debug|iPhoneSimulator.ActiveCfg = Debug|Any CPU
		{B0CC0CB5-AB1E-4CA6-8849-4FC8FB7E3050}.Debug|iPhoneSimulator.Build.0 = Debug|Any CPU
		{B0CC0CB5-AB1E-4CA6-8849-4FC8FB7E3050}.Debug|x64.ActiveCfg = Debug|Any CPU
		{B0CC0CB5-AB1E-4CA6-8849-4FC8FB7E3050}.Debug|x64.Build.0 = Debug|Any CPU
		{B0CC0CB5-AB1E-4CA6-8849-4FC8FB7E3050}.Debug|x86.ActiveCfg = Debug|Any CPU
		{B0CC0CB5-AB1E-4CA6-8849-4FC8FB7E3050}.Debug|x86.Build.0 = Debug|Any CPU
		{B0CC0CB5-AB1E-4CA6-8849-4FC8FB7E3050}.Release|Any CPU.ActiveCfg = Release|Any CPU
		{B0CC0CB5-AB1E-4CA6-8849-4FC8FB7E3050}.Release|Any CPU.Build.0 = Release|Any CPU
		{B0CC0CB5-AB1E-4CA6-8849-4FC8FB7E3050}.Release|ARM.ActiveCfg = Release|Any CPU
		{B0CC0CB5-AB1E-4CA6-8849-4FC8FB7E3050}.Release|ARM.Build.0 = Release|Any CPU
		{B0CC0CB5-AB1E-4CA6-8849-4FC8FB7E3050}.Release|ARM64.ActiveCfg = Release|Any CPU
		{B0CC0CB5-AB1E-4CA6-8849-4FC8FB7E3050}.Release|ARM64.Build.0 = Release|Any CPU
		{B0CC0CB5-AB1E-4CA6-8849-4FC8FB7E3050}.Release|iPhone.ActiveCfg = Release|Any CPU
		{B0CC0CB5-AB1E-4CA6-8849-4FC8FB7E3050}.Release|iPhone.Build.0 = Release|Any CPU
		{B0CC0CB5-AB1E-4CA6-8849-4FC8FB7E3050}.Release|iPhoneSimulator.ActiveCfg = Release|Any CPU
		{B0CC0CB5-AB1E-4CA6-8849-4FC8FB7E3050}.Release|iPhoneSimulator.Build.0 = Release|Any CPU
		{B0CC0CB5-AB1E-4CA6-8849-4FC8FB7E3050}.Release|x64.ActiveCfg = Release|Any CPU
		{B0CC0CB5-AB1E-4CA6-8849-4FC8FB7E3050}.Release|x64.Build.0 = Release|Any CPU
		{B0CC0CB5-AB1E-4CA6-8849-4FC8FB7E3050}.Release|x86.ActiveCfg = Release|Any CPU
		{B0CC0CB5-AB1E-4CA6-8849-4FC8FB7E3050}.Release|x86.Build.0 = Release|Any CPU
		{7758D3C8-7184-401D-B86E-232D3155A458}.Debug|Any CPU.ActiveCfg = Debug|Any CPU
		{7758D3C8-7184-401D-B86E-232D3155A458}.Debug|Any CPU.Build.0 = Debug|Any CPU
		{7758D3C8-7184-401D-B86E-232D3155A458}.Debug|ARM.ActiveCfg = Debug|Any CPU
		{7758D3C8-7184-401D-B86E-232D3155A458}.Debug|ARM.Build.0 = Debug|Any CPU
		{7758D3C8-7184-401D-B86E-232D3155A458}.Debug|ARM64.ActiveCfg = Debug|Any CPU
		{7758D3C8-7184-401D-B86E-232D3155A458}.Debug|ARM64.Build.0 = Debug|Any CPU
		{7758D3C8-7184-401D-B86E-232D3155A458}.Debug|iPhone.ActiveCfg = Debug|Any CPU
		{7758D3C8-7184-401D-B86E-232D3155A458}.Debug|iPhone.Build.0 = Debug|Any CPU
		{7758D3C8-7184-401D-B86E-232D3155A458}.Debug|iPhoneSimulator.ActiveCfg = Debug|Any CPU
		{7758D3C8-7184-401D-B86E-232D3155A458}.Debug|iPhoneSimulator.Build.0 = Debug|Any CPU
		{7758D3C8-7184-401D-B86E-232D3155A458}.Debug|x64.ActiveCfg = Debug|Any CPU
		{7758D3C8-7184-401D-B86E-232D3155A458}.Debug|x64.Build.0 = Debug|Any CPU
		{7758D3C8-7184-401D-B86E-232D3155A458}.Debug|x86.ActiveCfg = Debug|Any CPU
		{7758D3C8-7184-401D-B86E-232D3155A458}.Debug|x86.Build.0 = Debug|Any CPU
		{7758D3C8-7184-401D-B86E-232D3155A458}.Release|Any CPU.ActiveCfg = Release|Any CPU
		{7758D3C8-7184-401D-B86E-232D3155A458}.Release|Any CPU.Build.0 = Release|Any CPU
		{7758D3C8-7184-401D-B86E-232D3155A458}.Release|ARM.ActiveCfg = Release|Any CPU
		{7758D3C8-7184-401D-B86E-232D3155A458}.Release|ARM.Build.0 = Release|Any CPU
		{7758D3C8-7184-401D-B86E-232D3155A458}.Release|ARM64.ActiveCfg = Release|Any CPU
		{7758D3C8-7184-401D-B86E-232D3155A458}.Release|ARM64.Build.0 = Release|Any CPU
		{7758D3C8-7184-401D-B86E-232D3155A458}.Release|iPhone.ActiveCfg = Release|Any CPU
		{7758D3C8-7184-401D-B86E-232D3155A458}.Release|iPhone.Build.0 = Release|Any CPU
		{7758D3C8-7184-401D-B86E-232D3155A458}.Release|iPhoneSimulator.ActiveCfg = Release|Any CPU
		{7758D3C8-7184-401D-B86E-232D3155A458}.Release|iPhoneSimulator.Build.0 = Release|Any CPU
		{7758D3C8-7184-401D-B86E-232D3155A458}.Release|x64.ActiveCfg = Release|Any CPU
		{7758D3C8-7184-401D-B86E-232D3155A458}.Release|x64.Build.0 = Release|Any CPU
		{7758D3C8-7184-401D-B86E-232D3155A458}.Release|x86.ActiveCfg = Release|Any CPU
		{7758D3C8-7184-401D-B86E-232D3155A458}.Release|x86.Build.0 = Release|Any CPU
		{03D45159-C8FF-479A-BD2B-B5D73E1989E0}.Debug|Any CPU.ActiveCfg = Debug|Any CPU
		{03D45159-C8FF-479A-BD2B-B5D73E1989E0}.Debug|Any CPU.Build.0 = Debug|Any CPU
		{03D45159-C8FF-479A-BD2B-B5D73E1989E0}.Debug|ARM.ActiveCfg = Debug|Any CPU
		{03D45159-C8FF-479A-BD2B-B5D73E1989E0}.Debug|ARM.Build.0 = Debug|Any CPU
		{03D45159-C8FF-479A-BD2B-B5D73E1989E0}.Debug|ARM64.ActiveCfg = Debug|Any CPU
		{03D45159-C8FF-479A-BD2B-B5D73E1989E0}.Debug|ARM64.Build.0 = Debug|Any CPU
		{03D45159-C8FF-479A-BD2B-B5D73E1989E0}.Debug|iPhone.ActiveCfg = Debug|Any CPU
		{03D45159-C8FF-479A-BD2B-B5D73E1989E0}.Debug|iPhone.Build.0 = Debug|Any CPU
		{03D45159-C8FF-479A-BD2B-B5D73E1989E0}.Debug|iPhoneSimulator.ActiveCfg = Debug|Any CPU
		{03D45159-C8FF-479A-BD2B-B5D73E1989E0}.Debug|iPhoneSimulator.Build.0 = Debug|Any CPU
		{03D45159-C8FF-479A-BD2B-B5D73E1989E0}.Debug|x64.ActiveCfg = Debug|Any CPU
		{03D45159-C8FF-479A-BD2B-B5D73E1989E0}.Debug|x64.Build.0 = Debug|Any CPU
		{03D45159-C8FF-479A-BD2B-B5D73E1989E0}.Debug|x86.ActiveCfg = Debug|Any CPU
		{03D45159-C8FF-479A-BD2B-B5D73E1989E0}.Debug|x86.Build.0 = Debug|Any CPU
		{03D45159-C8FF-479A-BD2B-B5D73E1989E0}.Release|Any CPU.ActiveCfg = Release|Any CPU
		{03D45159-C8FF-479A-BD2B-B5D73E1989E0}.Release|Any CPU.Build.0 = Release|Any CPU
		{03D45159-C8FF-479A-BD2B-B5D73E1989E0}.Release|ARM.ActiveCfg = Release|Any CPU
		{03D45159-C8FF-479A-BD2B-B5D73E1989E0}.Release|ARM.Build.0 = Release|Any CPU
		{03D45159-C8FF-479A-BD2B-B5D73E1989E0}.Release|ARM64.ActiveCfg = Release|Any CPU
		{03D45159-C8FF-479A-BD2B-B5D73E1989E0}.Release|ARM64.Build.0 = Release|Any CPU
		{03D45159-C8FF-479A-BD2B-B5D73E1989E0}.Release|iPhone.ActiveCfg = Release|Any CPU
		{03D45159-C8FF-479A-BD2B-B5D73E1989E0}.Release|iPhone.Build.0 = Release|Any CPU
		{03D45159-C8FF-479A-BD2B-B5D73E1989E0}.Release|iPhoneSimulator.ActiveCfg = Release|Any CPU
		{03D45159-C8FF-479A-BD2B-B5D73E1989E0}.Release|iPhoneSimulator.Build.0 = Release|Any CPU
		{03D45159-C8FF-479A-BD2B-B5D73E1989E0}.Release|x64.ActiveCfg = Release|Any CPU
		{03D45159-C8FF-479A-BD2B-B5D73E1989E0}.Release|x64.Build.0 = Release|Any CPU
		{03D45159-C8FF-479A-BD2B-B5D73E1989E0}.Release|x86.ActiveCfg = Release|Any CPU
		{03D45159-C8FF-479A-BD2B-B5D73E1989E0}.Release|x86.Build.0 = Release|Any CPU
		{7A0BF12B-779E-4BCA-9E38-F2B3BFA6B2AC}.Debug|Any CPU.ActiveCfg = Debug|Any CPU
		{7A0BF12B-779E-4BCA-9E38-F2B3BFA6B2AC}.Debug|Any CPU.Build.0 = Debug|Any CPU
		{7A0BF12B-779E-4BCA-9E38-F2B3BFA6B2AC}.Debug|ARM.ActiveCfg = Debug|Any CPU
		{7A0BF12B-779E-4BCA-9E38-F2B3BFA6B2AC}.Debug|ARM.Build.0 = Debug|Any CPU
		{7A0BF12B-779E-4BCA-9E38-F2B3BFA6B2AC}.Debug|ARM64.ActiveCfg = Debug|Any CPU
		{7A0BF12B-779E-4BCA-9E38-F2B3BFA6B2AC}.Debug|ARM64.Build.0 = Debug|Any CPU
		{7A0BF12B-779E-4BCA-9E38-F2B3BFA6B2AC}.Debug|iPhone.ActiveCfg = Debug|Any CPU
		{7A0BF12B-779E-4BCA-9E38-F2B3BFA6B2AC}.Debug|iPhone.Build.0 = Debug|Any CPU
		{7A0BF12B-779E-4BCA-9E38-F2B3BFA6B2AC}.Debug|iPhoneSimulator.ActiveCfg = Debug|Any CPU
		{7A0BF12B-779E-4BCA-9E38-F2B3BFA6B2AC}.Debug|iPhoneSimulator.Build.0 = Debug|Any CPU
		{7A0BF12B-779E-4BCA-9E38-F2B3BFA6B2AC}.Debug|x64.ActiveCfg = Debug|Any CPU
		{7A0BF12B-779E-4BCA-9E38-F2B3BFA6B2AC}.Debug|x64.Build.0 = Debug|Any CPU
		{7A0BF12B-779E-4BCA-9E38-F2B3BFA6B2AC}.Debug|x86.ActiveCfg = Debug|Any CPU
		{7A0BF12B-779E-4BCA-9E38-F2B3BFA6B2AC}.Debug|x86.Build.0 = Debug|Any CPU
		{7A0BF12B-779E-4BCA-9E38-F2B3BFA6B2AC}.Release|Any CPU.ActiveCfg = Release|Any CPU
		{7A0BF12B-779E-4BCA-9E38-F2B3BFA6B2AC}.Release|Any CPU.Build.0 = Release|Any CPU
		{7A0BF12B-779E-4BCA-9E38-F2B3BFA6B2AC}.Release|ARM.ActiveCfg = Release|Any CPU
		{7A0BF12B-779E-4BCA-9E38-F2B3BFA6B2AC}.Release|ARM.Build.0 = Release|Any CPU
		{7A0BF12B-779E-4BCA-9E38-F2B3BFA6B2AC}.Release|ARM64.ActiveCfg = Release|Any CPU
		{7A0BF12B-779E-4BCA-9E38-F2B3BFA6B2AC}.Release|ARM64.Build.0 = Release|Any CPU
		{7A0BF12B-779E-4BCA-9E38-F2B3BFA6B2AC}.Release|iPhone.ActiveCfg = Release|Any CPU
		{7A0BF12B-779E-4BCA-9E38-F2B3BFA6B2AC}.Release|iPhone.Build.0 = Release|Any CPU
		{7A0BF12B-779E-4BCA-9E38-F2B3BFA6B2AC}.Release|iPhoneSimulator.ActiveCfg = Release|Any CPU
		{7A0BF12B-779E-4BCA-9E38-F2B3BFA6B2AC}.Release|iPhoneSimulator.Build.0 = Release|Any CPU
		{7A0BF12B-779E-4BCA-9E38-F2B3BFA6B2AC}.Release|x64.ActiveCfg = Release|Any CPU
		{7A0BF12B-779E-4BCA-9E38-F2B3BFA6B2AC}.Release|x64.Build.0 = Release|Any CPU
		{7A0BF12B-779E-4BCA-9E38-F2B3BFA6B2AC}.Release|x86.ActiveCfg = Release|Any CPU
		{7A0BF12B-779E-4BCA-9E38-F2B3BFA6B2AC}.Release|x86.Build.0 = Release|Any CPU
	EndGlobalSection
	GlobalSection(SolutionProperties) = preSolution
		HideSolutionNode = FALSE
	EndGlobalSection
	GlobalSection(NestedProjects) = preSolution
		{260A0851-135C-4AA9-8756-DB1D985CCC55} = {3B42340C-29F1-446E-92C7-CDE4FA4510E0}
	EndGlobalSection
	GlobalSection(ExtensibilityGlobals) = postSolution
		SolutionGuid = {F57F74E6-5D47-4424-B681-B0AA43D2F54A}
	EndGlobalSection
EndGlobal
